// !$*UTF8*$!
{
	archiveVersion = 1;
	classes = {
	};
	objectVersion = 56;
	objects = {

/* Begin PBXBuildFile section */
		FC0CC8DE295B228900618663 /* BuildConfigAppApp.swift in Sources */ = {isa = PBXBuildFile; fileRef = FC0CC8DD295B228900618663 /* BuildConfigAppApp.swift */; };
		FC0CC8E0295B228900618663 /* ContentView.swift in Sources */ = {isa = PBXBuildFile; fileRef = FC0CC8DF295B228900618663 /* ContentView.swift */; };
		FC0CC8E2295B228A00618663 /* Assets.xcassets in Resources */ = {isa = PBXBuildFile; fileRef = FC0CC8E1295B228A00618663 /* Assets.xcassets */; };
		FC0CC8E5295B228A00618663 /* Preview Assets.xcassets in Resources */ = {isa = PBXBuildFile; fileRef = FC0CC8E4295B228A00618663 /* Preview Assets.xcassets */; };
		FC0CC8EF295B228B00618663 /* BuildConfigAppTests.swift in Sources */ = {isa = PBXBuildFile; fileRef = FC0CC8EE295B228B00618663 /* BuildConfigAppTests.swift */; };
		FC0CC8F9295B228B00618663 /* BuildConfigAppUITests.swift in Sources */ = {isa = PBXBuildFile; fileRef = FC0CC8F8295B228B00618663 /* BuildConfigAppUITests.swift */; };
		FC0CC8FB295B228B00618663 /* BuildConfigAppUITestsLaunchTests.swift in Sources */ = {isa = PBXBuildFile; fileRef = FC0CC8FA295B228B00618663 /* BuildConfigAppUITestsLaunchTests.swift */; };
		FC0CC90C295B283500618663 /* Environment.swift in Sources */ = {isa = PBXBuildFile; fileRef = FC0CC90B295B283500618663 /* Environment.swift */; };
/* End PBXBuildFile section */

/* Begin PBXContainerItemProxy section */
		FC0CC8EB295B228A00618663 /* PBXContainerItemProxy */ = {
			isa = PBXContainerItemProxy;
			containerPortal = FC0CC8D2295B228900618663 /* Project object */;
			proxyType = 1;
			remoteGlobalIDString = FC0CC8D9295B228900618663;
			remoteInfo = BuildConfigApp;
		};
		FC0CC8F5295B228B00618663 /* PBXContainerItemProxy */ = {
			isa = PBXContainerItemProxy;
			containerPortal = FC0CC8D2295B228900618663 /* Project object */;
			proxyType = 1;
			remoteGlobalIDString = FC0CC8D9295B228900618663;
			remoteInfo = BuildConfigApp;
		};
/* End PBXContainerItemProxy section */

/* Begin PBXFileReference section */
		FC0CC8DA295B228900618663 /* BuildConfigApp.app */ = {isa = PBXFileReference; explicitFileType = wrapper.application; includeInIndex = 0; path = BuildConfigApp.app; sourceTree = BUILT_PRODUCTS_DIR; };
		FC0CC8DD295B228900618663 /* BuildConfigAppApp.swift */ = {isa = PBXFileReference; lastKnownFileType = sourcecode.swift; path = BuildConfigAppApp.swift; sourceTree = "<group>"; };
		FC0CC8DF295B228900618663 /* ContentView.swift */ = {isa = PBXFileReference; lastKnownFileType = sourcecode.swift; path = ContentView.swift; sourceTree = "<group>"; };
		FC0CC8E1295B228A00618663 /* Assets.xcassets */ = {isa = PBXFileReference; lastKnownFileType = folder.assetcatalog; path = Assets.xcassets; sourceTree = "<group>"; };
		FC0CC8E4295B228A00618663 /* Preview Assets.xcassets */ = {isa = PBXFileReference; lastKnownFileType = folder.assetcatalog; path = "Preview Assets.xcassets"; sourceTree = "<group>"; };
		FC0CC8EA295B228A00618663 /* BuildConfigAppTests.xctest */ = {isa = PBXFileReference; explicitFileType = wrapper.cfbundle; includeInIndex = 0; path = BuildConfigAppTests.xctest; sourceTree = BUILT_PRODUCTS_DIR; };
		FC0CC8EE295B228B00618663 /* BuildConfigAppTests.swift */ = {isa = PBXFileReference; lastKnownFileType = sourcecode.swift; path = BuildConfigAppTests.swift; sourceTree = "<group>"; };
		FC0CC8F4295B228B00618663 /* BuildConfigAppUITests.xctest */ = {isa = PBXFileReference; explicitFileType = wrapper.cfbundle; includeInIndex = 0; path = BuildConfigAppUITests.xctest; sourceTree = BUILT_PRODUCTS_DIR; };
		FC0CC8F8295B228B00618663 /* BuildConfigAppUITests.swift */ = {isa = PBXFileReference; lastKnownFileType = sourcecode.swift; path = BuildConfigAppUITests.swift; sourceTree = "<group>"; };
		FC0CC8FA295B228B00618663 /* BuildConfigAppUITestsLaunchTests.swift */ = {isa = PBXFileReference; lastKnownFileType = sourcecode.swift; path = BuildConfigAppUITestsLaunchTests.swift; sourceTree = "<group>"; };
		FC0CC908295B24DF00618663 /* Build.xcconfig */ = {isa = PBXFileReference; lastKnownFileType = text.xcconfig; path = Build.xcconfig; sourceTree = "<group>"; };
		FC0CC909295B24F100618663 /* Release.xcconfig */ = {isa = PBXFileReference; lastKnownFileType = text.xcconfig; path = Release.xcconfig; sourceTree = "<group>"; };
		FC0CC90A295B269600618663 /* Info.plist */ = {isa = PBXFileReference; lastKnownFileType = text.plist; path = Info.plist; sourceTree = "<group>"; };
		FC0CC90B295B283500618663 /* Environment.swift */ = {isa = PBXFileReference; lastKnownFileType = sourcecode.swift; path = Environment.swift; sourceTree = "<group>"; };
/* End PBXFileReference section */

/* Begin PBXFrameworksBuildPhase section */
		FC0CC8D7295B228900618663 /* Frameworks */ = {
			isa = PBXFrameworksBuildPhase;
			buildActionMask = 2147483647;
			files = (
			);
			runOnlyForDeploymentPostprocessing = 0;
		};
		FC0CC8E7295B228A00618663 /* Frameworks */ = {
			isa = PBXFrameworksBuildPhase;
			buildActionMask = 2147483647;
			files = (
			);
			runOnlyForDeploymentPostprocessing = 0;
		};
		FC0CC8F1295B228B00618663 /* Frameworks */ = {
			isa = PBXFrameworksBuildPhase;
			buildActionMask = 2147483647;
			files = (
			);
			runOnlyForDeploymentPostprocessing = 0;
		};
/* End PBXFrameworksBuildPhase section */

/* Begin PBXGroup section */
		FC0CC8D1295B228900618663 = {
			isa = PBXGroup;
			children = (
				FC0CC8DC295B228900618663 /* BuildConfigApp */,
				FC0CC8ED295B228B00618663 /* BuildConfigAppTests */,
				FC0CC8F7295B228B00618663 /* BuildConfigAppUITests */,
				FC0CC8DB295B228900618663 /* Products */,
			);
			sourceTree = "<group>";
		};
		FC0CC8DB295B228900618663 /* Products */ = {
			isa = PBXGroup;
			children = (
				FC0CC8DA295B228900618663 /* BuildConfigApp.app */,
				FC0CC8EA295B228A00618663 /* BuildConfigAppTests.xctest */,
				FC0CC8F4295B228B00618663 /* BuildConfigAppUITests.xctest */,
			);
			name = Products;
			sourceTree = "<group>";
		};
		FC0CC8DC295B228900618663 /* BuildConfigApp */ = {
			isa = PBXGroup;
			children = (
				FC0CC90A295B269600618663 /* Info.plist */,
				FC0CC8DD295B228900618663 /* BuildConfigAppApp.swift */,
				FC0CC8DF295B228900618663 /* ContentView.swift */,
				FC0CC90B295B283500618663 /* Environment.swift */,
				FC0CC8E1295B228A00618663 /* Assets.xcassets */,
				FC0CC907295B246500618663 /* Config files */,
				FC0CC8E3295B228A00618663 /* Preview Content */,
			);
			path = BuildConfigApp;
			sourceTree = "<group>";
		};
		FC0CC8E3295B228A00618663 /* Preview Content */ = {
			isa = PBXGroup;
			children = (
				FC0CC8E4295B228A00618663 /* Preview Assets.xcassets */,
			);
			path = "Preview Content";
			sourceTree = "<group>";
		};
		FC0CC8ED295B228B00618663 /* BuildConfigAppTests */ = {
			isa = PBXGroup;
			children = (
				FC0CC8EE295B228B00618663 /* BuildConfigAppTests.swift */,
			);
			path = BuildConfigAppTests;
			sourceTree = "<group>";
		};
		FC0CC8F7295B228B00618663 /* BuildConfigAppUITests */ = {
			isa = PBXGroup;
			children = (
				FC0CC8F8295B228B00618663 /* BuildConfigAppUITests.swift */,
				FC0CC8FA295B228B00618663 /* BuildConfigAppUITestsLaunchTests.swift */,
			);
			path = BuildConfigAppUITests;
			sourceTree = "<group>";
		};
		FC0CC907295B246500618663 /* Config files */ = {
			isa = PBXGroup;
			children = (
				FC0CC908295B24DF00618663 /* Build.xcconfig */,
				FC0CC909295B24F100618663 /* Release.xcconfig */,
			);
			path = "Config files";
			sourceTree = "<group>";
		};
/* End PBXGroup section */

/* Begin PBXNativeTarget section */
		FC0CC8D9295B228900618663 /* BuildConfigApp */ = {
			isa = PBXNativeTarget;
			buildConfigurationList = FC0CC8FE295B228B00618663 /* Build configuration list for PBXNativeTarget "BuildConfigApp" */;
			buildPhases = (
				FC0CC8D6295B228900618663 /* Sources */,
				FC0CC8D7295B228900618663 /* Frameworks */,
				FC0CC8D8295B228900618663 /* Resources */,
			);
			buildRules = (
			);
			dependencies = (
			);
			name = BuildConfigApp;
			productName = BuildConfigApp;
			productReference = FC0CC8DA295B228900618663 /* BuildConfigApp.app */;
			productType = "com.apple.product-type.application";
		};
		FC0CC8E9295B228A00618663 /* BuildConfigAppTests */ = {
			isa = PBXNativeTarget;
			buildConfigurationList = FC0CC901295B228B00618663 /* Build configuration list for PBXNativeTarget "BuildConfigAppTests" */;
			buildPhases = (
				FC0CC8E6295B228A00618663 /* Sources */,
				FC0CC8E7295B228A00618663 /* Frameworks */,
				FC0CC8E8295B228A00618663 /* Resources */,
			);
			buildRules = (
			);
			dependencies = (
				FC0CC8EC295B228A00618663 /* PBXTargetDependency */,
			);
			name = BuildConfigAppTests;
			productName = BuildConfigAppTests;
			productReference = FC0CC8EA295B228A00618663 /* BuildConfigAppTests.xctest */;
			productType = "com.apple.product-type.bundle.unit-test";
		};
		FC0CC8F3295B228B00618663 /* BuildConfigAppUITests */ = {
			isa = PBXNativeTarget;
			buildConfigurationList = FC0CC904295B228B00618663 /* Build configuration list for PBXNativeTarget "BuildConfigAppUITests" */;
			buildPhases = (
				FC0CC8F0295B228B00618663 /* Sources */,
				FC0CC8F1295B228B00618663 /* Frameworks */,
				FC0CC8F2295B228B00618663 /* Resources */,
			);
			buildRules = (
			);
			dependencies = (
				FC0CC8F6295B228B00618663 /* PBXTargetDependency */,
			);
			name = BuildConfigAppUITests;
			productName = BuildConfigAppUITests;
			productReference = FC0CC8F4295B228B00618663 /* BuildConfigAppUITests.xctest */;
			productType = "com.apple.product-type.bundle.ui-testing";
		};
/* End PBXNativeTarget section */

/* Begin PBXProject section */
		FC0CC8D2295B228900618663 /* Project object */ = {
			isa = PBXProject;
			attributes = {
				BuildIndependentTargetsInParallel = 1;
				LastSwiftUpdateCheck = 1400;
				LastUpgradeCheck = 1400;
				TargetAttributes = {
					FC0CC8D9295B228900618663 = {
						CreatedOnToolsVersion = 14.0.1;
					};
					FC0CC8E9295B228A00618663 = {
						CreatedOnToolsVersion = 14.0.1;
						TestTargetID = FC0CC8D9295B228900618663;
					};
					FC0CC8F3295B228B00618663 = {
						CreatedOnToolsVersion = 14.0.1;
						TestTargetID = FC0CC8D9295B228900618663;
					};
				};
			};
			buildConfigurationList = FC0CC8D5295B228900618663 /* Build configuration list for PBXProject "BuildConfigApp" */;
			compatibilityVersion = "Xcode 14.0";
			developmentRegion = en;
			hasScannedForEncodings = 0;
			knownRegions = (
				en,
				Base,
			);
			mainGroup = FC0CC8D1295B228900618663;
			productRefGroup = FC0CC8DB295B228900618663 /* Products */;
			projectDirPath = "";
			projectRoot = "";
			targets = (
				FC0CC8D9295B228900618663 /* BuildConfigApp */,
				FC0CC8E9295B228A00618663 /* BuildConfigAppTests */,
				FC0CC8F3295B228B00618663 /* BuildConfigAppUITests */,
			);
		};
/* End PBXProject section */

/* Begin PBXResourcesBuildPhase section */
		FC0CC8D8295B228900618663 /* Resources */ = {
			isa = PBXResourcesBuildPhase;
			buildActionMask = 2147483647;
			files = (
				FC0CC8E5295B228A00618663 /* Preview Assets.xcassets in Resources */,
				FC0CC8E2295B228A00618663 /* Assets.xcassets in Resources */,
			);
			runOnlyForDeploymentPostprocessing = 0;
		};
		FC0CC8E8295B228A00618663 /* Resources */ = {
			isa = PBXResourcesBuildPhase;
			buildActionMask = 2147483647;
			files = (
			);
			runOnlyForDeploymentPostprocessing = 0;
		};
		FC0CC8F2295B228B00618663 /* Resources */ = {
			isa = PBXResourcesBuildPhase;
			buildActionMask = 2147483647;
			files = (
			);
			runOnlyForDeploymentPostprocessing = 0;
		};
/* End PBXResourcesBuildPhase section */

/* Begin PBXSourcesBuildPhase section */
		FC0CC8D6295B228900618663 /* Sources */ = {
			isa = PBXSourcesBuildPhase;
			buildActionMask = 2147483647;
			files = (
				FC0CC8E0295B228900618663 /* ContentView.swift in Sources */,
				FC0CC90C295B283500618663 /* Environment.swift in Sources */,
				FC0CC8DE295B228900618663 /* BuildConfigAppApp.swift in Sources */,
			);
			runOnlyForDeploymentPostprocessing = 0;
		};
		FC0CC8E6295B228A00618663 /* Sources */ = {
			isa = PBXSourcesBuildPhase;
			buildActionMask = 2147483647;
			files = (
				FC0CC8EF295B228B00618663 /* BuildConfigAppTests.swift in Sources */,
			);
			runOnlyForDeploymentPostprocessing = 0;
		};
		FC0CC8F0295B228B00618663 /* Sources */ = {
			isa = PBXSourcesBuildPhase;
			buildActionMask = 2147483647;
			files = (
				FC0CC8F9295B228B00618663 /* BuildConfigAppUITests.swift in Sources */,
				FC0CC8FB295B228B00618663 /* BuildConfigAppUITestsLaunchTests.swift in Sources */,
			);
			runOnlyForDeploymentPostprocessing = 0;
		};
/* End PBXSourcesBuildPhase section */

/* Begin PBXTargetDependency section */
		FC0CC8EC295B228A00618663 /* PBXTargetDependency */ = {
			isa = PBXTargetDependency;
			target = FC0CC8D9295B228900618663 /* BuildConfigApp */;
			targetProxy = FC0CC8EB295B228A00618663 /* PBXContainerItemProxy */;
		};
		FC0CC8F6295B228B00618663 /* PBXTargetDependency */ = {
			isa = PBXTargetDependency;
			target = FC0CC8D9295B228900618663 /* BuildConfigApp */;
			targetProxy = FC0CC8F5295B228B00618663 /* PBXContainerItemProxy */;
		};
/* End PBXTargetDependency section */

/* Begin XCBuildConfiguration section */
		FC0CC8FC295B228B00618663 /* Debug */ = {
			isa = XCBuildConfiguration;
			baseConfigurationReference = FC0CC908295B24DF00618663 /* Build.xcconfig */;
			buildSettings = {
				ALWAYS_SEARCH_USER_PATHS = NO;
				CLANG_ANALYZER_NONNULL = YES;
				CLANG_ANALYZER_NUMBER_OBJECT_CONVERSION = YES_AGGRESSIVE;
				CLANG_CXX_LANGUAGE_STANDARD = "gnu++20";
				CLANG_ENABLE_MODULES = YES;
				CLANG_ENABLE_OBJC_ARC = YES;
				CLANG_ENABLE_OBJC_WEAK = YES;
				CLANG_WARN_BLOCK_CAPTURE_AUTORELEASING = YES;
				CLANG_WARN_BOOL_CONVERSION = YES;
				CLANG_WARN_COMMA = YES;
				CLANG_WARN_CONSTANT_CONVERSION = YES;
				CLANG_WARN_DEPRECATED_OBJC_IMPLEMENTATIONS = YES;
				CLANG_WARN_DIRECT_OBJC_ISA_USAGE = YES_ERROR;
				CLANG_WARN_DOCUMENTATION_COMMENTS = YES;
				CLANG_WARN_EMPTY_BODY = YES;
				CLANG_WARN_ENUM_CONVERSION = YES;
				CLANG_WARN_INFINITE_RECURSION = YES;
				CLANG_WARN_INT_CONVERSION = YES;
				CLANG_WARN_NON_LITERAL_NULL_CONVERSION = YES;
				CLANG_WARN_OBJC_IMPLICIT_RETAIN_SELF = YES;
				CLANG_WARN_OBJC_LITERAL_CONVERSION = YES;
				CLANG_WARN_OBJC_ROOT_CLASS = YES_ERROR;
				CLANG_WARN_QUOTED_INCLUDE_IN_FRAMEWORK_HEADER = YES;
				CLANG_WARN_RANGE_LOOP_ANALYSIS = YES;
				CLANG_WARN_STRICT_PROTOTYPES = YES;
				CLANG_WARN_SUSPICIOUS_MOVE = YES;
				CLANG_WARN_UNGUARDED_AVAILABILITY = YES_AGGRESSIVE;
				CLANG_WARN_UNREACHABLE_CODE = YES;
				CLANG_WARN__DUPLICATE_METHOD_MATCH = YES;
				COPY_PHASE_STRIP = NO;
				DEBUG_INFORMATION_FORMAT = dwarf;
				ENABLE_STRICT_OBJC_MSGSEND = YES;
				ENABLE_TESTABILITY = YES;
				GCC_C_LANGUAGE_STANDARD = gnu11;
				GCC_DYNAMIC_NO_PIC = NO;
				GCC_NO_COMMON_BLOCKS = YES;
				GCC_OPTIMIZATION_LEVEL = 0;
				GCC_PREPROCESSOR_DEFINITIONS = (
					"DEBUG=1",
					"$(inherited)",
				);
				GCC_WARN_64_TO_32_BIT_CONVERSION = YES;
				GCC_WARN_ABOUT_RETURN_TYPE = YES_ERROR;
				GCC_WARN_UNDECLARED_SELECTOR = YES;
				GCC_WARN_UNINITIALIZED_AUTOS = YES_AGGRESSIVE;
				GCC_WARN_UNUSED_FUNCTION = YES;
				GCC_WARN_UNUSED_VARIABLE = YES;
				IPHONEOS_DEPLOYMENT_TARGET = 16.0;
				MTL_ENABLE_DEBUG_INFO = INCLUDE_SOURCE;
				MTL_FAST_MATH = YES;
				ONLY_ACTIVE_ARCH = YES;
				SDKROOT = iphoneos;
				SWIFT_ACTIVE_COMPILATION_CONDITIONS = DEBUG;
				SWIFT_OPTIMIZATION_LEVEL = "-Onone";
			};
			name = Debug;
		};
		FC0CC8FD295B228B00618663 /* Release */ = {
			isa = XCBuildConfiguration;
			baseConfigurationReference = FC0CC909295B24F100618663 /* Release.xcconfig */;
			buildSettings = {
				ALWAYS_SEARCH_USER_PATHS = NO;
				CLANG_ANALYZER_NONNULL = YES;
				CLANG_ANALYZER_NUMBER_OBJECT_CONVERSION = YES_AGGRESSIVE;
				CLANG_CXX_LANGUAGE_STANDARD = "gnu++20";
				CLANG_ENABLE_MODULES = YES;
				CLANG_ENABLE_OBJC_ARC = YES;
				CLANG_ENABLE_OBJC_WEAK = YES;
				CLANG_WARN_BLOCK_CAPTURE_AUTORELEASING = YES;
				CLANG_WARN_BOOL_CONVERSION = YES;
				CLANG_WARN_COMMA = YES;
				CLANG_WARN_CONSTANT_CONVERSION = YES;
				CLANG_WARN_DEPRECATED_OBJC_IMPLEMENTATIONS = YES;
				CLANG_WARN_DIRECT_OBJC_ISA_USAGE = YES_ERROR;
				CLANG_WARN_DOCUMENTATION_COMMENTS = YES;
				CLANG_WARN_EMPTY_BODY = YES;
				CLANG_WARN_ENUM_CONVERSION = YES;
				CLANG_WARN_INFINITE_RECURSION = YES;
				CLANG_WARN_INT_CONVERSION = YES;
				CLANG_WARN_NON_LITERAL_NULL_CONVERSION = YES;
				CLANG_WARN_OBJC_IMPLICIT_RETAIN_SELF = YES;
				CLANG_WARN_OBJC_LITERAL_CONVERSION = YES;
				CLANG_WARN_OBJC_ROOT_CLASS = YES_ERROR;
				CLANG_WARN_QUOTED_INCLUDE_IN_FRAMEWORK_HEADER = YES;
				CLANG_WARN_RANGE_LOOP_ANALYSIS = YES;
				CLANG_WARN_STRICT_PROTOTYPES = YES;
				CLANG_WARN_SUSPICIOUS_MOVE = YES;
				CLANG_WARN_UNGUARDED_AVAILABILITY = YES_AGGRESSIVE;
				CLANG_WARN_UNREACHABLE_CODE = YES;
				CLANG_WARN__DUPLICATE_METHOD_MATCH = YES;
				COPY_PHASE_STRIP = NO;
				DEBUG_INFORMATION_FORMAT = "dwarf-with-dsym";
				ENABLE_NS_ASSERTIONS = NO;
				ENABLE_STRICT_OBJC_MSGSEND = YES;
				GCC_C_LANGUAGE_STANDARD = gnu11;
				GCC_NO_COMMON_BLOCKS = YES;
				GCC_WARN_64_TO_32_BIT_CONVERSION = YES;
				GCC_WARN_ABOUT_RETURN_TYPE = YES_ERROR;
				GCC_WARN_UNDECLARED_SELECTOR = YES;
				GCC_WARN_UNINITIALIZED_AUTOS = YES_AGGRESSIVE;
				GCC_WARN_UNUSED_FUNCTION = YES;
				GCC_WARN_UNUSED_VARIABLE = YES;
				IPHONEOS_DEPLOYMENT_TARGET = 16.0;
				MTL_ENABLE_DEBUG_INFO = NO;
				MTL_FAST_MATH = YES;
				SDKROOT = iphoneos;
				SWIFT_COMPILATION_MODE = wholemodule;
				SWIFT_OPTIMIZATION_LEVEL = "-O";
				VALIDATE_PRODUCT = YES;
			};
			name = Release;
		};
		FC0CC8FF295B228B00618663 /* Debug */ = {
			isa = XCBuildConfiguration;
			buildSettings = {
				ASSETCATALOG_COMPILER_APPICON_NAME = AppIcon;
				ASSETCATALOG_COMPILER_GLOBAL_ACCENT_COLOR_NAME = AccentColor;
				CODE_SIGN_STYLE = Automatic;
				CURRENT_PROJECT_VERSION = 1;
				DEVELOPMENT_ASSET_PATHS = "\"BuildConfigApp/Preview Content\"";
				DEVELOPMENT_TEAM = 3HJH4SSKC5;
				ENABLE_PREVIEWS = YES;
				GENERATE_INFOPLIST_FILE = YES;
				INFOPLIST_FILE = BuildConfigApp/Info.plist;
				INFOPLIST_KEY_UIApplicationSceneManifest_Generation = YES;
				INFOPLIST_KEY_UIApplicationSupportsIndirectInputEvents = YES;
				INFOPLIST_KEY_UILaunchScreen_Generation = YES;
				INFOPLIST_KEY_UISupportedInterfaceOrientations_iPad = "UIInterfaceOrientationPortrait UIInterfaceOrientationPortraitUpsideDown UIInterfaceOrientationLandscapeLeft UIInterfaceOrientationLandscapeRight";
				INFOPLIST_KEY_UISupportedInterfaceOrientations_iPhone = "UIInterfaceOrientationPortrait UIInterfaceOrientationLandscapeLeft UIInterfaceOrientationLandscapeRight";
				LD_RUNPATH_SEARCH_PATHS = (
					"$(inherited)",
					"@executable_path/Frameworks",
				);
				MARKETING_VERSION = 1.0;
				PRODUCT_BUNDLE_IDENTIFIER = com.innovitics.BuildConfigApp;
				PRODUCT_NAME = "$(TARGET_NAME)";
				SWIFT_EMIT_LOC_STRINGS = YES;
				SWIFT_VERSION = 5.0;
				TARGETED_DEVICE_FAMILY = "1,2";
			};
			name = Debug;
		};
		FC0CC900295B228B00618663 /* Release */ = {
			isa = XCBuildConfiguration;
			buildSettings = {
				ASSETCATALOG_COMPILER_APPICON_NAME = AppIcon;
				ASSETCATALOG_COMPILER_GLOBAL_ACCENT_COLOR_NAME = AccentColor;
				CODE_SIGN_STYLE = Automatic;
				CURRENT_PROJECT_VERSION = 1;
				DEVELOPMENT_ASSET_PATHS = "\"BuildConfigApp/Preview Content\"";
				DEVELOPMENT_TEAM = 3HJH4SSKC5;
				ENABLE_PREVIEWS = YES;
				GENERATE_INFOPLIST_FILE = YES;
				INFOPLIST_FILE = BuildConfigApp/Info.plist;
				INFOPLIST_KEY_UIApplicationSceneManifest_Generation = YES;
				INFOPLIST_KEY_UIApplicationSupportsIndirectInputEvents = YES;
				INFOPLIST_KEY_UILaunchScreen_Generation = YES;
				INFOPLIST_KEY_UISupportedInterfaceOrientations_iPad = "UIInterfaceOrientationPortrait UIInterfaceOrientationPortraitUpsideDown UIInterfaceOrientationLandscapeLeft UIInterfaceOrientationLandscapeRight";
				INFOPLIST_KEY_UISupportedInterfaceOrientations_iPhone = "UIInterfaceOrientationPortrait UIInterfaceOrientationLandscapeLeft UIInterfaceOrientationLandscapeRight";
				LD_RUNPATH_SEARCH_PATHS = (
					"$(inherited)",
					"@executable_path/Frameworks",
				);
				MARKETING_VERSION = 1.0;
				PRODUCT_BUNDLE_IDENTIFIER = com.innovitics.BuildConfigApp;
				PRODUCT_NAME = "$(TARGET_NAME)";
				SWIFT_EMIT_LOC_STRINGS = YES;
				SWIFT_VERSION = 5.0;
				TARGETED_DEVICE_FAMILY = "1,2";
			};
			name = Release;
		};
		FC0CC902295B228B00618663 /* Debug */ = {
			isa = XCBuildConfiguration;
			buildSettings = {
				ALWAYS_EMBED_SWIFT_STANDARD_LIBRARIES = YES;
				BUNDLE_LOADER = "$(TEST_HOST)";
				CODE_SIGN_STYLE = Automatic;
				CURRENT_PROJECT_VERSION = 1;
				DEVELOPMENT_TEAM = 3HJH4SSKC5;
				GENERATE_INFOPLIST_FILE = YES;
				IPHONEOS_DEPLOYMENT_TARGET = 16.0;
				MARKETING_VERSION = 1.0;
				PRODUCT_BUNDLE_IDENTIFIER = com.innovitics.BuildConfigAppTests;
				PRODUCT_NAME = "$(TARGET_NAME)";
				SWIFT_EMIT_LOC_STRINGS = NO;
				SWIFT_VERSION = 5.0;
				TARGETED_DEVICE_FAMILY = "1,2";
				TEST_HOST = "$(BUILT_PRODUCTS_DIR)/BuildConfigApp.app/$(BUNDLE_EXECUTABLE_FOLDER_PATH)/BuildConfigApp";
			};
			name = Debug;
		};
		FC0CC903295B228B00618663 /* Release */ = {
			isa = XCBuildConfiguration;
			buildSettings = {
				ALWAYS_EMBED_SWIFT_STANDARD_LIBRARIES = YES;
				BUNDLE_LOADER = "$(TEST_HOST)";
				CODE_SIGN_STYLE = Automatic;
				CURRENT_PROJECT_VERSION = 1;
				DEVELOPMENT_TEAM = 3HJH4SSKC5;
				GENERATE_INFOPLIST_FILE = YES;
				IPHONEOS_DEPLOYMENT_TARGET = 16.0;
				MARKETING_VERSION = 1.0;
				PRODUCT_BUNDLE_IDENTIFIER = com.innovitics.BuildConfigAppTests;
				PRODUCT_NAME = "$(TARGET_NAME)";
				SWIFT_EMIT_LOC_STRINGS = NO;
				SWIFT_VERSION = 5.0;
				TARGETED_DEVICE_FAMILY = "1,2";
				TEST_HOST = "$(BUILT_PRODUCTS_DIR)/BuildConfigApp.app/$(BUNDLE_EXECUTABLE_FOLDER_PATH)/BuildConfigApp";
			};
			name = Release;
		};
		FC0CC905295B228B00618663 /* Debug */ = {
			isa = XCBuildConfiguration;
			buildSettings = {
				ALWAYS_EMBED_SWIFT_STANDARD_LIBRARIES = YES;
				CODE_SIGN_STYLE = Automatic;
				CURRENT_PROJECT_VERSION = 1;
				DEVELOPMENT_TEAM = 3HJH4SSKC5;
				GENERATE_INFOPLIST_FILE = YES;
				MARKETING_VERSION = 1.0;
				PRODUCT_BUNDLE_IDENTIFIER = com.innovitics.BuildConfigAppUITests;
				PRODUCT_NAME = "$(TARGET_NAME)";
				SWIFT_EMIT_LOC_STRINGS = NO;
				SWIFT_VERSION = 5.0;
				TARGETED_DEVICE_FAMILY = "1,2";
				TEST_TARGET_NAME = BuildConfigApp;
			};
			name = Debug;
		};
		FC0CC906295B228B00618663 /* Release */ = {
			isa = XCBuildConfiguration;
			buildSettings = {
				ALWAYS_EMBED_SWIFT_STANDARD_LIBRARIES = YES;
				CODE_SIGN_STYLE = Automatic;
				CURRENT_PROJECT_VERSION = 1;
				DEVELOPMENT_TEAM = 3HJH4SSKC5;
				GENERATE_INFOPLIST_FILE = YES;
				MARKETING_VERSION = 1.0;
				PRODUCT_BUNDLE_IDENTIFIER = com.innovitics.BuildConfigAppUITests;
				PRODUCT_NAME = "$(TARGET_NAME)";
				SWIFT_EMIT_LOC_STRINGS = NO;
				SWIFT_VERSION = 5.0;
				TARGETED_DEVICE_FAMILY = "1,2";
				TEST_TARGET_NAME = BuildConfigApp;
			};
			name = Release;
		};
/* End XCBuildConfiguration section */

/* Begin XCConfigurationList section */
		FC0CC8D5295B228900618663 /* Build configuration list for PBXProject "BuildConfigApp" */ = {
			isa = XCConfigurationList;
			buildConfigurations = (
				FC0CC8FC295B228B00618663 /* Debug */,
				FC0CC8FD295B228B00618663 /* Release */,
			);
			defaultConfigurationIsVisible = 0;
			defaultConfigurationName = Release;
		};
		FC0CC8FE295B228B00618663 /* Build configuration list for PBXNativeTarget "BuildConfigApp" */ = {
			isa = XCConfigurationList;
			buildConfigurations = (
				FC0CC8FF295B228B00618663 /* Debug */,
				FC0CC900295B228B00618663 /* Release */,
			);
			defaultConfigurationIsVisible = 0;
			defaultConfigurationName = Release;
		};
		FC0CC901295B228B00618663 /* Build configuration list for PBXNativeTarget "BuildConfigAppTests" */ = {
			isa = XCConfigurationList;
			buildConfigurations = (
				FC0CC902295B228B00618663 /* Debug */,
				FC0CC903295B228B00618663 /* Release */,
			);
			defaultConfigurationIsVisible = 0;
			defaultConfigurationName = Release;
		};
		FC0CC904295B228B00618663 /* Build configuration list for PBXNativeTarget "BuildConfigAppUITests" */ = {
			isa = XCConfigurationList;
			buildConfigurations = (
				FC0CC905295B228B00618663 /* Debug */,
				FC0CC906295B228B00618663 /* Release */,
			);
			defaultConfigurationIsVisible = 0;
			defaultConfigurationName = Release;
		};
/* End XCConfigurationList section */
	};
	rootObject = FC0CC8D2295B228900618663 /* Project object */;
}
